
Microsoft Visual Studio Solution File, Format Version 12.00
# Visual Studio Version 16
VisualStudioVersion = 16.0.29509.3
MinimumVisualStudioVersion = 10.0.40219.1
Project("{FAE04EC0-301F-11D3-BF4B-00C04F79EFBC}") = "GitHubRepositories", "GitHubRepositories\GitHubRepositories.csproj", "{52C434A2-0D9D-468E-A560-D80FF77A56B1}"
EndProject
Global
	GlobalSection(SolutionConfigurationPlatforms) = preSolution
		Debug|Any CPU = Debug|Any CPU
		Release|Any CPU = Release|Any CPU
	EndGlobalSection
	GlobalSection(ProjectConfigurationPlatforms) = postSolution
		{52C434A2-0D9D-468E-A560-D80FF77A56B1}.Debug|Any CPU.ActiveCfg = Debug|Any CPU
		{52C434A2-0D9D-468E-A560-D80FF77A56B1}.Debug|Any CPU.Build.0 = Debug|Any CPU
		{52C434A2-0D9D-468E-A560-D80FF77A56B1}.Release|Any CPU.ActiveCfg = Release|Any CPU
		{52C434A2-0D9D-468E-A560-D80FF77A56B1}.Release|Any CPU.Build.0 = Release|Any CPU
	EndGlobalSection
	GlobalSection(SolutionProperties) = preSolution
		HideSolutionNode = FALSE
	EndGlobalSection
	GlobalSection(ExtensibilityGlobals) = postSolution
		SolutionGuid = {EFBD4BA3-97A0-4678-AEE1-E2B317B3EE85}
	EndGlobalSection
EndGlobal
